
Microsoft Visual Studio Solution File, Format Version 12.00
# Visual Studio Version 16
VisualStudioVersion = 16.0.30320.27
MinimumVisualStudioVersion = 10.0.40219.1
Project("{9A19103F-16F7-4668-BE54-9A1E7A4F7556}") = "001_CrookedNovels", "001_CrookedNovels.csproj", "{78A8A5C7-2853-4BC5-B214-C983CFB14856}"
EndProject
Project("{2150E333-8FDC-42A3-9474-1A3956D46DE8}") = "Core", "Core", "{58072593-DF64-46EE-85EE-0E9CF87E7F2B}"
	ProjectSection(SolutionItems) = preProject
		ReadMe.txt = ReadMe.txt
	EndProjectSection
EndProject
Project("{2150E333-8FDC-42A3-9474-1A3956D46DE8}") = "Novel", "Novel", "{E30E2501-25BE-4B35-9218-BE12D1AE6CA7}"
EndProject
Project("{9A19103F-16F7-4668-BE54-9A1E7A4F7556}") = "_Core.Web", "..\_Core\_Core.Web\_Core.Web.csproj", "{15AB8E92-B38C-46D1-A07D-E5CA815A4FB9}"
EndProject
Project("{9A19103F-16F7-4668-BE54-9A1E7A4F7556}") = "_Novel.Web", "..\_Novel\_Novel.Web\_Novel.Web.csproj", "{DC32868B-6135-44E7-A159-E4945DCC9CB8}"
EndProject
Project("{9A19103F-16F7-4668-BE54-9A1E7A4F7556}") = "_Core.DAL", "..\_Core\_Core.DAL\_Core.DAL.csproj", "{DE22CA65-0CDD-421C-B668-A0AC772BCF71}"
EndProject
Project("{9A19103F-16F7-4668-BE54-9A1E7A4F7556}") = "_Core.Common.Context", "..\_Core\_Core.Common.Context\_Core.Common.Context.csproj", "{DA050FAD-72A0-44A0-8B75-FFC47B108FE4}"
EndProject
Project("{9A19103F-16F7-4668-BE54-9A1E7A4F7556}") = "_Core.BL", "..\_Core\_Core.BL\_Core.BL.csproj", "{A917B8EA-2A82-4E64-A7F9-F7303B58E9D1}"
EndProject
Project("{9A19103F-16F7-4668-BE54-9A1E7A4F7556}") = "_Core.Entity", "..\_Core\_Core.Entity\_Core.Entity.csproj", "{25657B2B-A03D-4C98-BE31-B2671F1EF3B4}"
EndProject
Project("{9A19103F-16F7-4668-BE54-9A1E7A4F7556}") = "_Core.CommonDal", "..\_Core\_Core.CommonDal\_Core.CommonDal.csproj", "{35D49D4C-7190-4672-8172-863A8C408715}"
EndProject
Project("{9A19103F-16F7-4668-BE54-9A1E7A4F7556}") = "_Novel.Entity", "..\_Novel\_Novel.Entity\_Novel.Entity.csproj", "{075C2DF0-DA70-4D0F-94D1-BE9C895B668D}"
EndProject
Project("{9A19103F-16F7-4668-BE54-9A1E7A4F7556}") = "_Novel.DAL", "..\_Novel\_Novel.DAL\_Novel.DAL.csproj", "{A8F1863A-C5F3-4876-B36C-70A49149F1CE}"
EndProject
Project("{9A19103F-16F7-4668-BE54-9A1E7A4F7556}") = "_Novel.BL", "..\_Novel\_Novel.BL\_Novel.BL.csproj", "{66411FD9-BD66-4EB9-941F-29330BFD72AE}"
EndProject
Global
	GlobalSection(SolutionConfigurationPlatforms) = preSolution
		Debug|Any CPU = Debug|Any CPU
		Release|Any CPU = Release|Any CPU
	EndGlobalSection
	GlobalSection(ProjectConfigurationPlatforms) = postSolution
		{78A8A5C7-2853-4BC5-B214-C983CFB14856}.Debug|Any CPU.ActiveCfg = Debug|Any CPU
		{78A8A5C7-2853-4BC5-B214-C983CFB14856}.Debug|Any CPU.Build.0 = Debug|Any CPU
		{78A8A5C7-2853-4BC5-B214-C983CFB14856}.Release|Any CPU.ActiveCfg = Release|Any CPU
		{78A8A5C7-2853-4BC5-B214-C983CFB14856}.Release|Any CPU.Build.0 = Release|Any CPU
		{15AB8E92-B38C-46D1-A07D-E5CA815A4FB9}.Debug|Any CPU.ActiveCfg = Debug|Any CPU
		{15AB8E92-B38C-46D1-A07D-E5CA815A4FB9}.Debug|Any CPU.Build.0 = Debug|Any CPU
		{15AB8E92-B38C-46D1-A07D-E5CA815A4FB9}.Release|Any CPU.ActiveCfg = Release|Any CPU
		{15AB8E92-B38C-46D1-A07D-E5CA815A4FB9}.Release|Any CPU.Build.0 = Release|Any CPU
		{DC32868B-6135-44E7-A159-E4945DCC9CB8}.Debug|Any CPU.ActiveCfg = Debug|Any CPU
		{DC32868B-6135-44E7-A159-E4945DCC9CB8}.Debug|Any CPU.Build.0 = Debug|Any CPU
		{DC32868B-6135-44E7-A159-E4945DCC9CB8}.Release|Any CPU.ActiveCfg = Release|Any CPU
		{DC32868B-6135-44E7-A159-E4945DCC9CB8}.Release|Any CPU.Build.0 = Release|Any CPU
		{DE22CA65-0CDD-421C-B668-A0AC772BCF71}.Debug|Any CPU.ActiveCfg = Debug|Any CPU
		{DE22CA65-0CDD-421C-B668-A0AC772BCF71}.Debug|Any CPU.Build.0 = Debug|Any CPU
		{DE22CA65-0CDD-421C-B668-A0AC772BCF71}.Release|Any CPU.ActiveCfg = Release|Any CPU
		{DE22CA65-0CDD-421C-B668-A0AC772BCF71}.Release|Any CPU.Build.0 = Release|Any CPU
		{DA050FAD-72A0-44A0-8B75-FFC47B108FE4}.Debug|Any CPU.ActiveCfg = Debug|Any CPU
		{DA050FAD-72A0-44A0-8B75-FFC47B108FE4}.Debug|Any CPU.Build.0 = Debug|Any CPU
		{DA050FAD-72A0-44A0-8B75-FFC47B108FE4}.Release|Any CPU.ActiveCfg = Release|Any CPU
		{DA050FAD-72A0-44A0-8B75-FFC47B108FE4}.Release|Any CPU.Build.0 = Release|Any CPU
		{A917B8EA-2A82-4E64-A7F9-F7303B58E9D1}.Debug|Any CPU.ActiveCfg = Debug|Any CPU
		{A917B8EA-2A82-4E64-A7F9-F7303B58E9D1}.Debug|Any CPU.Build.0 = Debug|Any CPU
		{A917B8EA-2A82-4E64-A7F9-F7303B58E9D1}.Release|Any CPU.ActiveCfg = Release|Any CPU
		{A917B8EA-2A82-4E64-A7F9-F7303B58E9D1}.Release|Any CPU.Build.0 = Release|Any CPU
		{25657B2B-A03D-4C98-BE31-B2671F1EF3B4}.Debug|Any CPU.ActiveCfg = Debug|Any CPU
		{25657B2B-A03D-4C98-BE31-B2671F1EF3B4}.Debug|Any CPU.Build.0 = Debug|Any CPU
		{25657B2B-A03D-4C98-BE31-B2671F1EF3B4}.Release|Any CPU.ActiveCfg = Release|Any CPU
		{25657B2B-A03D-4C98-BE31-B2671F1EF3B4}.Release|Any CPU.Build.0 = Release|Any CPU
		{35D49D4C-7190-4672-8172-863A8C408715}.Debug|Any CPU.ActiveCfg = Debug|Any CPU
		{35D49D4C-7190-4672-8172-863A8C408715}.Debug|Any CPU.Build.0 = Debug|Any CPU
		{35D49D4C-7190-4672-8172-863A8C408715}.Release|Any CPU.ActiveCfg = Release|Any CPU
		{35D49D4C-7190-4672-8172-863A8C408715}.Release|Any CPU.Build.0 = Release|Any CPU
		{075C2DF0-DA70-4D0F-94D1-BE9C895B668D}.Debug|Any CPU.ActiveCfg = Debug|Any CPU
		{075C2DF0-DA70-4D0F-94D1-BE9C895B668D}.Debug|Any CPU.Build.0 = Debug|Any CPU
		{075C2DF0-DA70-4D0F-94D1-BE9C895B668D}.Release|Any CPU.ActiveCfg = Release|Any CPU
		{075C2DF0-DA70-4D0F-94D1-BE9C895B668D}.Release|Any CPU.Build.0 = Release|Any CPU
		{A8F1863A-C5F3-4876-B36C-70A49149F1CE}.Debug|Any CPU.ActiveCfg = Debug|Any CPU
		{A8F1863A-C5F3-4876-B36C-70A49149F1CE}.Debug|Any CPU.Build.0 = Debug|Any CPU
		{A8F1863A-C5F3-4876-B36C-70A49149F1CE}.Release|Any CPU.ActiveCfg = Release|Any CPU
		{A8F1863A-C5F3-4876-B36C-70A49149F1CE}.Release|Any CPU.Build.0 = Release|Any CPU
		{66411FD9-BD66-4EB9-941F-29330BFD72AE}.Debug|Any CPU.ActiveCfg = Debug|Any CPU
		{66411FD9-BD66-4EB9-941F-29330BFD72AE}.Debug|Any CPU.Build.0 = Debug|Any CPU
		{66411FD9-BD66-4EB9-941F-29330BFD72AE}.Release|Any CPU.ActiveCfg = Release|Any CPU
		{66411FD9-BD66-4EB9-941F-29330BFD72AE}.Release|Any CPU.Build.0 = Release|Any CPU
	EndGlobalSection
	GlobalSection(SolutionProperties) = preSolution
		HideSolutionNode = FALSE
	EndGlobalSection
	GlobalSection(NestedProjects) = preSolution
		{15AB8E92-B38C-46D1-A07D-E5CA815A4FB9} = {58072593-DF64-46EE-85EE-0E9CF87E7F2B}
		{DC32868B-6135-44E7-A159-E4945DCC9CB8} = {E30E2501-25BE-4B35-9218-BE12D1AE6CA7}
		{DE22CA65-0CDD-421C-B668-A0AC772BCF71} = {58072593-DF64-46EE-85EE-0E9CF87E7F2B}
		{DA050FAD-72A0-44A0-8B75-FFC47B108FE4} = {58072593-DF64-46EE-85EE-0E9CF87E7F2B}
		{A917B8EA-2A82-4E64-A7F9-F7303B58E9D1} = {58072593-DF64-46EE-85EE-0E9CF87E7F2B}
		{25657B2B-A03D-4C98-BE31-B2671F1EF3B4} = {58072593-DF64-46EE-85EE-0E9CF87E7F2B}
		{35D49D4C-7190-4672-8172-863A8C408715} = {58072593-DF64-46EE-85EE-0E9CF87E7F2B}
		{075C2DF0-DA70-4D0F-94D1-BE9C895B668D} = {E30E2501-25BE-4B35-9218-BE12D1AE6CA7}
		{A8F1863A-C5F3-4876-B36C-70A49149F1CE} = {E30E2501-25BE-4B35-9218-BE12D1AE6CA7}
		{66411FD9-BD66-4EB9-941F-29330BFD72AE} = {E30E2501-25BE-4B35-9218-BE12D1AE6CA7}
	EndGlobalSection
	GlobalSection(ExtensibilityGlobals) = postSolution
		SolutionGuid = {B0F58DEC-0326-4041-A167-08E30D77EF56}
	EndGlobalSection
EndGlobal
